
Microsoft Visual Studio Solution File, Format Version 12.00
# Visual Studio 15
VisualStudioVersion = 15.0.28307.329
MinimumVisualStudioVersion = 10.0.40219.1
Project("{FAE04EC0-301F-11D3-BF4B-00C04F79EFBC}") = "Assignment2", "Assignment2\Assignment2.csproj", "{8A55B427-AAB4-489E-8F61-1208845AA5B3}"
EndProject
Global
	GlobalSection(SolutionConfigurationPlatforms) = preSolution
		Debug|Any CPU = Debug|Any CPU
		Release|Any CPU = Release|Any CPU
	EndGlobalSection
	GlobalSection(ProjectConfigurationPlatforms) = postSolution
		{8A55B427-AAB4-489E-8F61-1208845AA5B3}.Debug|Any CPU.ActiveCfg = Debug|Any CPU
		{8A55B427-AAB4-489E-8F61-1208845AA5B3}.Debug|Any CPU.Build.0 = Debug|Any CPU
		{8A55B427-AAB4-489E-8F61-1208845AA5B3}.Release|Any CPU.ActiveCfg = Release|Any CPU
		{8A55B427-AAB4-489E-8F61-1208845AA5B3}.Release|Any CPU.Build.0 = Release|Any CPU
	EndGlobalSection
	GlobalSection(SolutionProperties) = preSolution
		HideSolutionNode = FALSE
	EndGlobalSection
	GlobalSection(ExtensibilityGlobals) = postSolution
		SolutionGuid = {C85B613F-C2CA-41C4-828D-1DA8408CD3A8}
	EndGlobalSection
EndGlobal
